// !$*UTF8*$!
{
	archiveVersion = 1;
	classes = {
	};
	objectVersion = 50;
	objects = {

/* Begin PBXBuildFile section */
		F068627A24BD572F009F44B6 /* AppDelegate.swift in Sources */ = {isa = PBXBuildFile; fileRef = F068627924BD572F009F44B6 /* AppDelegate.swift */; };
		F068627C24BD572F009F44B6 /* SceneDelegate.swift in Sources */ = {isa = PBXBuildFile; fileRef = F068627B24BD572F009F44B6 /* SceneDelegate.swift */; };
		F068627E24BD572F009F44B6 /* ViewController.swift in Sources */ = {isa = PBXBuildFile; fileRef = F068627D24BD572F009F44B6 /* ViewController.swift */; };
		F068628124BD572F009F44B6 /* Main.storyboard in Resources */ = {isa = PBXBuildFile; fileRef = F068627F24BD572F009F44B6 /* Main.storyboard */; };
		F068628324BD5731009F44B6 /* Assets.xcassets in Resources */ = {isa = PBXBuildFile; fileRef = F068628224BD5731009F44B6 /* Assets.xcassets */; };
		F068628624BD5731009F44B6 /* LaunchScreen.storyboard in Resources */ = {isa = PBXBuildFile; fileRef = F068628424BD5731009F44B6 /* LaunchScreen.storyboard */; };
		F068628E24BD58BA009F44B6 /* NextViewController.swift in Sources */ = {isa = PBXBuildFile; fileRef = F068628D24BD58BA009F44B6 /* NextViewController.swift */; };
/* End PBXBuildFile section */

/* Begin PBXFileReference section */
		F068627624BD572F009F44B6 /* Swift5tableViewSimple.app */ = {isa = PBXFileReference; explicitFileType = wrapper.application; includeInIndex = 0; path = Swift5tableViewSimple.app; sourceTree = BUILT_PRODUCTS_DIR; };
		F068627924BD572F009F44B6 /* AppDelegate.swift */ = {isa = PBXFileReference; lastKnownFileType = sourcecode.swift; path = AppDelegate.swift; sourceTree = "<group>"; };
		F068627B24BD572F009F44B6 /* SceneDelegate.swift */ = {isa = PBXFileReference; lastKnownFileType = sourcecode.swift; path = SceneDelegate.swift; sourceTree = "<group>"; };
		F068627D24BD572F009F44B6 /* ViewController.swift */ = {isa = PBXFileReference; lastKnownFileType = sourcecode.swift; path = ViewController.swift; sourceTree = "<group>"; };
		F068628024BD572F009F44B6 /* Base */ = {isa = PBXFileReference; lastKnownFileType = file.storyboard; name = Base; path = Base.lproj/Main.storyboard; sourceTree = "<group>"; };
		F068628224BD5731009F44B6 /* Assets.xcassets */ = {isa = PBXFileReference; lastKnownFileType = folder.assetcatalog; path = Assets.xcassets; sourceTree = "<group>"; };
		F068628524BD5731009F44B6 /* Base */ = {isa = PBXFileReference; lastKnownFileType = file.storyboard; name = Base; path = Base.lproj/LaunchScreen.storyboard; sourceTree = "<group>"; };
		F068628724BD5731009F44B6 /* Info.plist */ = {isa = PBXFileReference; lastKnownFileType = text.plist.xml; path = Info.plist; sourceTree = "<group>"; };
		F068628D24BD58BA009F44B6 /* NextViewController.swift */ = {isa = PBXFileReference; lastKnownFileType = sourcecode.swift; path = NextViewController.swift; sourceTree = "<group>"; };
/* End PBXFileReference section */

/* Begin PBXFrameworksBuildPhase section */
		F068627324BD572F009F44B6 /* Frameworks */ = {
			isa = PBXFrameworksBuildPhase;
			buildActionMask = 2147483647;
			files = (
			);
			runOnlyForDeploymentPostprocessing = 0;
		};
/* End PBXFrameworksBuildPhase section */

/* Begin PBXGroup section */
		F068626D24BD572F009F44B6 = {
			isa = PBXGroup;
			children = (
				F068627824BD572F009F44B6 /* Swift5tableViewSimple */,
				F068627724BD572F009F44B6 /* Products */,
			);
			sourceTree = "<group>";
		};
		F068627724BD572F009F44B6 /* Products */ = {
			isa = PBXGroup;
			children = (
				F068627624BD572F009F44B6 /* Swift5tableViewSimple.app */,
			);
			name = Products;
			sourceTree = "<group>";
		};
		F068627824BD572F009F44B6 /* Swift5tableViewSimple */ = {
			isa = PBXGroup;
			children = (
				F068627924BD572F009F44B6 /* AppDelegate.swift */,
				F068627B24BD572F009F44B6 /* SceneDelegate.swift */,
				F068627D24BD572F009F44B6 /* ViewController.swift */,
				F068628D24BD58BA009F44B6 /* NextViewController.swift */,
				F068627F24BD572F009F44B6 /* Main.storyboard */,
				F068628224BD5731009F44B6 /* Assets.xcassets */,
				F068628424BD5731009F44B6 /* LaunchScreen.storyboard */,
				F068628724BD5731009F44B6 /* Info.plist */,
			);
			path = Swift5tableViewSimple;
			sourceTree = "<group>";
		};
/* End PBXGroup section */

/* Begin PBXNativeTarget section */
		F068627524BD572F009F44B6 /* Swift5tableViewSimple */ = {
			isa = PBXNativeTarget;
			buildConfigurationList = F068628A24BD5731009F44B6 /* Build configuration list for PBXNativeTarget "Swift5tableViewSimple" */;
			buildPhases = (
				F068627224BD572F009F44B6 /* Sources */,
				F068627324BD572F009F44B6 /* Frameworks */,
				F068627424BD572F009F44B6 /* Resources */,
			);
			buildRules = (
			);
			dependencies = (
			);
			name = Swift5tableViewSimple;
			productName = Swift5tableViewSimple;
			productReference = F068627624BD572F009F44B6 /* Swift5tableViewSimple.app */;
			productType = "com.apple.product-type.application";
		};
/* End PBXNativeTarget section */

/* Begin PBXProject section */
		F068626E24BD572F009F44B6 /* Project object */ = {
			isa = PBXProject;
			attributes = {
				LastSwiftUpdateCheck = 1150;
				LastUpgradeCheck = 1150;
				ORGANIZATIONNAME = "Hajime Nutahara";
				TargetAttributes = {
					F068627524BD572F009F44B6 = {
						CreatedOnToolsVersion = 11.5;
					};
				};
			};
			buildConfigurationList = F068627124BD572F009F44B6 /* Build configuration list for PBXProject "Swift5tableViewSimple" */;
			compatibilityVersion = "Xcode 9.3";
			developmentRegion = en;
			hasScannedForEncodings = 0;
			knownRegions = (
				en,
				Base,
			);
			mainGroup = F068626D24BD572F009F44B6;
			productRefGroup = F068627724BD572F009F44B6 /* Products */;
			projectDirPath = "";
			projectRoot = "";
			targets = (
				F068627524BD572F009F44B6 /* Swift5tableViewSimple */,
			);
		};
/* End PBXProject section */

/* Begin PBXResourcesBuildPhase section */
		F068627424BD572F009F44B6 /* Resources */ = {
			isa = PBXResourcesBuildPhase;
			buildActionMask = 2147483647;
			files = (
				F068628624BD5731009F44B6 /* LaunchScreen.storyboard in Resources */,
				F068628324BD5731009F44B6 /* Assets.xcassets in Resources */,
				F068628124BD572F009F44B6 /* Main.storyboard in Resources */,
			);
			runOnlyForDeploymentPostprocessing = 0;
		};
/* End PBXResourcesBuildPhase section */

/* Begin PBXSourcesBuildPhase section */
		F068627224BD572F009F44B6 /* Sources */ = {
			isa = PBXSourcesBuildPhase;
			buildActionMask = 2147483647;
			files = (
				F068627E24BD572F009F44B6 /* ViewController.swift in Sources */,
				F068628E24BD58BA009F44B6 /* NextViewController.swift in Sources */,
				F068627A24BD572F009F44B6 /* AppDelegate.swift in Sources */,
				F068627C24BD572F009F44B6 /* SceneDelegate.swift in Sources */,
			);
			runOnlyForDeploymentPostprocessing = 0;
		};
/* End PBXSourcesBuildPhase section */

/* Begin PBXVariantGroup section */
		F068627F24BD572F009F44B6 /* Main.storyboard */ = {
			isa = PBXVariantGroup;
			children = (
				F068628024BD572F009F44B6 /* Base */,
			);
			name = Main.storyboard;
			sourceTree = "<group>";
		};
		F068628424BD5731009F44B6 /* LaunchScreen.storyboard */ = {
			isa = PBXVariantGroup;
			children = (
				F068628524BD5731009F44B6 /* Base */,
			);
			name = LaunchScreen.storyboard;
			sourceTree = "<group>";
		};
/* End PBXVariantGroup section */

/* Begin XCBuildConfiguration section */
		F068628824BD5731009F44B6 /* Debug */ = {
			isa = XCBuildConfiguration;
			buildSettings = {
				ALWAYS_SEARCH_USER_PATHS = NO;
				CLANG_ANALYZER_NONNULL = YES;
				CLANG_ANALYZER_NUMBER_OBJECT_CONVERSION = YES_AGGRESSIVE;
				CLANG_CXX_LANGUAGE_STANDARD = "gnu++14";
				CLANG_CXX_LIBRARY = "libc++";
				CLANG_ENABLE_MODULES = YES;
				CLANG_ENABLE_OBJC_ARC = YES;
				CLANG_ENABLE_OBJC_WEAK = YES;
				CLANG_WARN_BLOCK_CAPTURE_AUTORELEASING = YES;
				CLANG_WARN_BOOL_CONVERSION = YES;
				CLANG_WARN_COMMA = YES;
				CLANG_WARN_CONSTANT_CONVERSION = YES;
				CLANG_WARN_DEPRECATED_OBJC_IMPLEMENTATIONS = YES;
				CLANG_WARN_DIRECT_OBJC_ISA_USAGE = YES_ERROR;
				CLANG_WARN_DOCUMENTATION_COMMENTS = YES;
				CLANG_WARN_EMPTY_BODY = YES;
				CLANG_WARN_ENUM_CONVERSION = YES;
				CLANG_WARN_INFINITE_RECURSION = YES;
				CLANG_WARN_INT_CONVERSION = YES;
				CLANG_WARN_NON_LITERAL_NULL_CONVERSION = YES;
				CLANG_WARN_OBJC_IMPLICIT_RETAIN_SELF = YES;
				CLANG_WARN_OBJC_LITERAL_CONVERSION = YES;
				CLANG_WARN_OBJC_ROOT_CLASS = YES_ERROR;
				CLANG_WARN_RANGE_LOOP_ANALYSIS = YES;
				CLANG_WARN_STRICT_PROTOTYPES = YES;
				CLANG_WARN_SUSPICIOUS_MOVE = YES;
				CLANG_WARN_UNGUARDED_AVAILABILITY = YES_AGGRESSIVE;
				CLANG_WARN_UNREACHABLE_CODE = YES;
				CLANG_WARN__DUPLICATE_METHOD_MATCH = YES;
				COPY_PHASE_STRIP = NO;
				DEBUG_INFORMATION_FORMAT = dwarf;
				ENABLE_STRICT_OBJC_MSGSEND = YES;
				ENABLE_TESTABILITY = YES;
				GCC_C_LANGUAGE_STANDARD = gnu11;
				GCC_DYNAMIC_NO_PIC = NO;
				GCC_NO_COMMON_BLOCKS = YES;
				GCC_OPTIMIZATION_LEVEL = 0;
				GCC_PREPROCESSOR_DEFINITIONS = (
					"DEBUG=1",
					"$(inherited)",
				);
				GCC_WARN_64_TO_32_BIT_CONVERSION = YES;
				GCC_WARN_ABOUT_RETURN_TYPE = YES_ERROR;
				GCC_WARN_UNDECLARED_SELECTOR = YES;
				GCC_WARN_UNINITIALIZED_AUTOS = YES_AGGRESSIVE;
				GCC_WARN_UNUSED_FUNCTION = YES;
				GCC_WARN_UNUSED_VARIABLE = YES;
				IPHONEOS_DEPLOYMENT_TARGET = 13.5;
				MTL_ENABLE_DEBUG_INFO = INCLUDE_SOURCE;
				MTL_FAST_MATH = YES;
				ONLY_ACTIVE_ARCH = YES;
				SDKROOT = iphoneos;
				SWIFT_ACTIVE_COMPILATION_CONDITIONS = DEBUG;
				SWIFT_OPTIMIZATION_LEVEL = "-Onone";
			};
			name = Debug;
		};
		F068628924BD5731009F44B6 /* Release */ = {
			isa = XCBuildConfiguration;
			buildSettings = {
				ALWAYS_SEARCH_USER_PATHS = NO;
				CLANG_ANALYZER_NONNULL = YES;
				CLANG_ANALYZER_NUMBER_OBJECT_CONVERSION = YES_AGGRESSIVE;
				CLANG_CXX_LANGUAGE_STANDARD = "gnu++14";
				CLANG_CXX_LIBRARY = "libc++";
				CLANG_ENABLE_MODULES = YES;
				CLANG_ENABLE_OBJC_ARC = YES;
				CLANG_ENABLE_OBJC_WEAK = YES;
				CLANG_WARN_BLOCK_CAPTURE_AUTORELEASING = YES;
				CLANG_WARN_BOOL_CONVERSION = YES;
				CLANG_WARN_COMMA = YES;
				CLANG_WARN_CONSTANT_CONVERSION = YES;
				CLANG_WARN_DEPRECATED_OBJC_IMPLEMENTATIONS = YES;
				CLANG_WARN_DIRECT_OBJC_ISA_USAGE = YES_ERROR;
				CLANG_WARN_DOCUMENTATION_COMMENTS = YES;
				CLANG_WARN_EMPTY_BODY = YES;
				CLANG_WARN_ENUM_CONVERSION = YES;
				CLANG_WARN_INFINITE_RECURSION = YES;
				CLANG_WARN_INT_CONVERSION = YES;
				CLANG_WARN_NON_LITERAL_NULL_CONVERSION = YES;
				CLANG_WARN_OBJC_IMPLICIT_RETAIN_SELF = YES;
				CLANG_WARN_OBJC_LITERAL_CONVERSION = YES;
				CLANG_WARN_OBJC_ROOT_CLASS = YES_ERROR;
				CLANG_WARN_RANGE_LOOP_ANALYSIS = YES;
				CLANG_WARN_STRICT_PROTOTYPES = YES;
				CLANG_WARN_SUSPICIOUS_MOVE = YES;
				CLANG_WARN_UNGUARDED_AVAILABILITY = YES_AGGRESSIVE;
				CLANG_WARN_UNREACHABLE_CODE = YES;
				CLANG_WARN__DUPLICATE_METHOD_MATCH = YES;
				COPY_PHASE_STRIP = NO;
				DEBUG_INFORMATION_FORMAT = "dwarf-with-dsym";
				ENABLE_NS_ASSERTIONS = NO;
				ENABLE_STRICT_OBJC_MSGSEND = YES;
				GCC_C_LANGUAGE_STANDARD = gnu11;
				GCC_NO_COMMON_BLOCKS = YES;
				GCC_WARN_64_TO_32_BIT_CONVERSION = YES;
				GCC_WARN_ABOUT_RETURN_TYPE = YES_ERROR;
				GCC_WARN_UNDECLARED_SELECTOR = YES;
				GCC_WARN_UNINITIALIZED_AUTOS = YES_AGGRESSIVE;
				GCC_WARN_UNUSED_FUNCTION = YES;
				GCC_WARN_UNUSED_VARIABLE = YES;
				IPHONEOS_DEPLOYMENT_TARGET = 13.5;
				MTL_ENABLE_DEBUG_INFO = NO;
				MTL_FAST_MATH = YES;
				SDKROOT = iphoneos;
				SWIFT_COMPILATION_MODE = wholemodule;
				SWIFT_OPTIMIZATION_LEVEL = "-O";
				VALIDATE_PRODUCT = YES;
			};
			name = Release;
		};
		F068628B24BD5731009F44B6 /* Debug */ = {
			isa = XCBuildConfiguration;
			buildSettings = {
				ASSETCATALOG_COMPILER_APPICON_NAME = AppIcon;
				CODE_SIGN_STYLE = Automatic;
				DEVELOPMENT_TEAM = C9489J36J7;
				INFOPLIST_FILE = Swift5tableViewSimple/Info.plist;
				LD_RUNPATH_SEARCH_PATHS = (
					"$(inherited)",
					"@executable_path/Frameworks",
				);
				PRODUCT_BUNDLE_IDENTIFIER = com.gmail.hajime.nutahara.Swift5tableViewSimple;
				PRODUCT_NAME = "$(TARGET_NAME)";
				SWIFT_VERSION = 5.0;
				TARGETED_DEVICE_FAMILY = 1;
			};
			name = Debug;
		};
		F068628C24BD5731009F44B6 /* Release */ = {
			isa = XCBuildConfiguration;
			buildSettings = {
				ASSETCATALOG_COMPILER_APPICON_NAME = AppIcon;
				CODE_SIGN_STYLE = Automatic;
				DEVELOPMENT_TEAM = C9489J36J7;
				INFOPLIST_FILE = Swift5tableViewSimple/Info.plist;
				LD_RUNPATH_SEARCH_PATHS = (
					"$(inherited)",
					"@executable_path/Frameworks",
				);
				PRODUCT_BUNDLE_IDENTIFIER = com.gmail.hajime.nutahara.Swift5tableViewSimple;
				PRODUCT_NAME = "$(TARGET_NAME)";
				SWIFT_VERSION = 5.0;
				TARGETED_DEVICE_FAMILY = 1;
			};
			name = Release;
		};
/* End XCBuildConfiguration section */

/* Begin XCConfigurationList section */
		F068627124BD572F009F44B6 /* Build configuration list for PBXProject "Swift5tableViewSimple" */ = {
			isa = XCConfigurationList;
			buildConfigurations = (
				F068628824BD5731009F44B6 /* Debug */,
				F068628924BD5731009F44B6 /* Release */,
			);
			defaultConfigurationIsVisible = 0;
			defaultConfigurationName = Release;
		};
		F068628A24BD5731009F44B6 /* Build configuration list for PBXNativeTarget "Swift5tableViewSimple" */ = {
			isa = XCConfigurationList;
			buildConfigurations = (
				F068628B24BD5731009F44B6 /* Debug */,
				F068628C24BD5731009F44B6 /* Release */,
			);
			defaultConfigurationIsVisible = 0;
			defaultConfigurationName = Release;
		};
/* End XCConfigurationList section */
	};
	rootObject = F068626E24BD572F009F44B6 /* Project object */;
}
